// !$*UTF8*$!
{
	archiveVersion = 1;
	classes = {
	};
	objectVersion = 77;
	objects = {

/* Begin PBXBuildFile section */
		D1AAAE072E423F60000E710E /* FirebaseCrashlytics in Frameworks */ = {isa = PBXBuildFile; productRef = D1AAAE062E423F60000E710E /* FirebaseCrashlytics */; };
		D1AAAE092E423F60000E710E /* FirebaseRemoteConfig in Frameworks */ = {isa = PBXBuildFile; productRef = D1AAAE082E423F60000E710E /* FirebaseRemoteConfig */; };
		D1F7DFB72F71B5920065D9BD /* FirebaseAnalytics in Frameworks */ = {isa = PBXBuildFile; productRef = D1F7DFB62F71B5920065D9BD /* FirebaseAnalytics */; };
		D1F7DFB92F71B59F0065D9BD /* FirebaseCrashlytics in Frameworks */ = {isa = PBXBuildFile; productRef = D1F7DFB82F71B59F0065D9BD /* FirebaseCrashlytics */; };
		D1F7DFBB2F71B5A40065D9BD /* FirebaseRemoteConfig in Frameworks */ = {isa = PBXBuildFile; productRef = D1F7DFBA2F71B5A40065D9BD /* FirebaseRemoteConfig */; };
		D1FCB8BD2E8459E800F1E556 /* FirebaseAnalytics in Frameworks */ = {isa = PBXBuildFile; productRef = D1FCB8BC2E8459E800F1E556 /* FirebaseAnalytics */; };
/* End PBXBuildFile section */

/* Begin PBXContainerItemProxy section */
		D11C52C52F6AEE6C001D3BD0 /* PBXContainerItemProxy */ = {
			isa = PBXContainerItemProxy;
			containerPortal = D135BE9C2DDE3957005B1325 /* Project object */;
			proxyType = 1;
			remoteGlobalIDString = D11C52B72F6AEE6A001D3BD0;
			remoteInfo = "OrganEasy MacOS";
		};
		D11C52CF2F6AEE6C001D3BD0 /* PBXContainerItemProxy */ = {
			isa = PBXContainerItemProxy;
			containerPortal = D135BE9C2DDE3957005B1325 /* Project object */;
			proxyType = 1;
			remoteGlobalIDString = D11C52B72F6AEE6A001D3BD0;
			remoteInfo = "OrganEasy MacOS";
		};
		D135BEB22DDE3958005B1325 /* PBXContainerItemProxy */ = {
			isa = PBXContainerItemProxy;
			containerPortal = D135BE9C2DDE3957005B1325 /* Project object */;
			proxyType = 1;
			remoteGlobalIDString = D135BEA32DDE3957005B1325;
			remoteInfo = OrganEasy;
		};
		D135BEBC2DDE3958005B1325 /* PBXContainerItemProxy */ = {
			isa = PBXContainerItemProxy;
			containerPortal = D135BE9C2DDE3957005B1325 /* Project object */;
			proxyType = 1;
			remoteGlobalIDString = D135BEA32DDE3957005B1325;
			remoteInfo = OrganEasy;
		};
/* End PBXContainerItemProxy section */

/* Begin PBXFileReference section */
		D11C52B82F6AEE6A001D3BD0 /* OrganEasy MacOS.app */ = {isa = PBXFileReference; explicitFileType = wrapper.application; includeInIndex = 0; path = "OrganEasy MacOS.app"; sourceTree = BUILT_PRODUCTS_DIR; };
		D11C52C42F6AEE6C001D3BD0 /* OrganEasy MacOSTests.xctest */ = {isa = PBXFileReference; explicitFileType = wrapper.cfbundle; includeInIndex = 0; path = "OrganEasy MacOSTests.xctest"; sourceTree = BUILT_PRODUCTS_DIR; };
		D11C52CE2F6AEE6C001D3BD0 /* OrganEasy MacOSUITests.xctest */ = {isa = PBXFileReference; explicitFileType = wrapper.cfbundle; includeInIndex = 0; path = "OrganEasy MacOSUITests.xctest"; sourceTree = BUILT_PRODUCTS_DIR; };
		D135BEA42DDE3957005B1325 /* OrganEasy.app */ = {isa = PBXFileReference; explicitFileType = wrapper.application; includeInIndex = 0; path = OrganEasy.app; sourceTree = BUILT_PRODUCTS_DIR; };
		D135BEB12DDE3958005B1325 /* OrganEasyTests.xctest */ = {isa = PBXFileReference; explicitFileType = wrapper.cfbundle; includeInIndex = 0; path = OrganEasyTests.xctest; sourceTree = BUILT_PRODUCTS_DIR; };
		D135BEBB2DDE3958005B1325 /* OrganEasyUITests.xctest */ = {isa = PBXFileReference; explicitFileType = wrapper.cfbundle; includeInIndex = 0; path = OrganEasyUITests.xctest; sourceTree = BUILT_PRODUCTS_DIR; };
/* End PBXFileReference section */

/* Begin PBXFileSystemSynchronizedBuildFileExceptionSet section */
		D1DEF62D2E15A04C00000EC9 /* Exceptions for "OrganEasy" folder in "OrganEasy" target */ = {
			isa = PBXFileSystemSynchronizedBuildFileExceptionSet;
			membershipExceptions = (
				Info.plist,
			);
			target = D135BEA32DDE3957005B1325 /* OrganEasy */;
		};
		D1F7DF9A2F71B4480065D9BD /* Exceptions for "Shared" folder in "OrganEasy MacOS" target */ = {
			isa = PBXFileSystemSynchronizedBuildFileExceptionSet;
			membershipExceptions = (
				Flows/EvolutionTab/CreateEvolution/CreateEvolutionView.swift,
				Flows/EvolutionTab/CreateEvolution/CreateEvolutionViewModel.swift,
				Flows/EvolutionTab/EvolutionHomeView/EvolutionHomeView.swift,
				Flows/EvolutionTab/EvolutionHomeView/EvolutionHomeViewModel.swift,
				Flows/EvolutionTab/EvolutionRouter.swift,
				Flows/EvolutionTab/MonthEvolutionDetail/MonthEvolutionDetailView.swift,
				Flows/EvolutionTab/MonthEvolutionDetail/MonthEvolutionDetailViewModel.swift,
				Flows/HomeTab/CreateTransaction/TransactionView.swift,
				Flows/HomeTab/CreateTransaction/TransactionViewModel.swift,
				Flows/HomeTab/Home/HomeView.swift,
				Flows/HomeTab/Home/HomeViewModel.swift,
				Flows/HomeTab/HomeRouter.swift,
				Flows/HomeTab/MonthTransactionDetail/MonthTransactionDetailView.swift,
				Flows/HomeTab/MonthTransactionDetail/MonthTransactionDetailViewModel.swift,
				Flows/IntelligenceTab/HelpView.swift,
				Flows/IntelligenceTab/IntelligenceView.swift,
				Flows/IntelligenceTab/IntelligenceViewModel.swift,
				Flows/SettingTab/Bank/BankList/BankListView.swift,
				Flows/SettingTab/Bank/BankList/BankListViewModel.swift,
				Flows/SettingTab/Bank/CreateBank/CreateBankView.swift,
				Flows/SettingTab/Bank/CreateBank/CreateBankViewModel.swift,
				Flows/SettingTab/RecurringBill/RecurringBillForm/RecurringBillFormView.swift,
				Flows/SettingTab/RecurringBill/RecurringBillForm/RecurringBillFormViewModel.swift,
				Flows/SettingTab/RecurringBill/RecurringBillList/RecurrenceListView.swift,
				Flows/SettingTab/RecurringBill/RecurringBillList/RecurrenceListViewModel.swift,
				Flows/SettingTab/SettingRouter.swift,
				Flows/SettingTab/SettingView/SettingView.swift,
				Flows/SettingTab/SettingView/SettingViewModel.swift,
				Model/DTOs/BankDTO.swift,
				Model/DTOs/EvolutionDTO.swift,
				Model/DTOs/RecurringBillDTO.swift,
				Model/DTOs/TransactionDTO.swift,
				Model/Generables/EvolutionGenerable.swift,
				Model/Generables/TransactionGenerable.swift,
				Model/ViewModel/TestValues.swift,
				Repository/Architeture/OrganEasy.xcdatamodeld,
				Repository/Architeture/PersistenceController.swift,
				Repository/Architeture/RepositoryProvider.swift,
				"Repository/Bank/Bank+CoreDataClass.swift",
				"Repository/Bank/Bank+CoreDataProperties.swift",
				Repository/Bank/BankRepository.swift,
				"Repository/Evolution/Evolution+CoreDataClass.swift",
				"Repository/Evolution/Evolution+CoreDataProperties.swift",
				Repository/Evolution/EvolutionRepository.swift,
				"Repository/RecurringBill/RecurringBill+CoreDataClass.swift",
				"Repository/RecurringBill/RecurringBill+CoreDataProperties.swift",
				Repository/RecurringBill/RecurringBillRepository.swift,
				"Repository/Transaction/Transaction+CoreDataClass.swift",
				"Repository/Transaction/Transaction+CoreDataProperties.swift",
				Repository/Transaction/TransactionRepository.swift,
				Service/IntelligenceService.swift,
				Tool/RegisterTransactionTool.swift,
				Tool/TransactionTools.swift,
				Utils/Components/AppleIntelligenceGradientBackground.swift,
				Utils/Components/ChatView.swift,
				Utils/Components/CurrencyTextField.swift,
				Utils/Components/EmptyStateView.swift,
				Utils/Components/FilterChipView.swift,
				Utils/Components/FinanceSummaryCard.swift,
				Utils/Components/GlassEffectIfAvailable.swift,
				Utils/Components/HeaderChartView.swift,
				Utils/Components/MonthEvolutionHeaderView.swift,
				Utils/Components/MonthEvolutionRow.swift,
				Utils/Components/MonthTransactionDetailItemView.swift,
				Utils/Components/NativeColorsView.swift,
				Utils/Components/RecurringBillItemView.swift,
				"Utils/Extensions/Color+extensions.swift",
				"Utils/Extensions/Date+extensions.swift",
				"Utils/Extensions/Double+extensions.swift",
				"Utils/Extensions/Strings+extensions.swift",
				Utils/FeatureFlags/RemoteConfigManager.swift,
			);
			target = D11C52B72F6AEE6A001D3BD0 /* OrganEasy MacOS */;
		};
/* End PBXFileSystemSynchronizedBuildFileExceptionSet section */

/* Begin PBXFileSystemSynchronizedRootGroup section */
		D11C52B92F6AEE6A001D3BD0 /* OrganEasy MacOS */ = {
			isa = PBXFileSystemSynchronizedRootGroup;
			path = "OrganEasy MacOS";
			sourceTree = "<group>";
		};
		D11C52C72F6AEE6C001D3BD0 /* OrganEasy MacOSTests */ = {
			isa = PBXFileSystemSynchronizedRootGroup;
			path = "OrganEasy MacOSTests";
			sourceTree = "<group>";
		};
		D11C52D12F6AEE6C001D3BD0 /* OrganEasy MacOSUITests */ = {
			isa = PBXFileSystemSynchronizedRootGroup;
			path = "OrganEasy MacOSUITests";
			sourceTree = "<group>";
		};
		D11C52E22F6AF4F1001D3BD0 /* Shared */ = {
			isa = PBXFileSystemSynchronizedRootGroup;
			exceptions = (
				D1F7DF9A2F71B4480065D9BD /* Exceptions for "Shared" folder in "OrganEasy MacOS" target */,
			);
			path = Shared;
			sourceTree = "<group>";
		};
		D135BEA62DDE3957005B1325 /* OrganEasy */ = {
			isa = PBXFileSystemSynchronizedRootGroup;
			exceptions = (
				D1DEF62D2E15A04C00000EC9 /* Exceptions for "OrganEasy" folder in "OrganEasy" target */,
			);
			path = OrganEasy;
			sourceTree = "<group>";
		};
		D135BEB42DDE3958005B1325 /* OrganEasyTests */ = {
			isa = PBXFileSystemSynchronizedRootGroup;
			path = OrganEasyTests;
			sourceTree = "<group>";
		};
		D135BEBE2DDE3958005B1325 /* OrganEasyUITests */ = {
			isa = PBXFileSystemSynchronizedRootGroup;
			path = OrganEasyUITests;
			sourceTree = "<group>";
		};
/* End PBXFileSystemSynchronizedRootGroup section */

/* Begin PBXFrameworksBuildPhase section */
		D11C52B52F6AEE6A001D3BD0 /* Frameworks */ = {
			isa = PBXFrameworksBuildPhase;
			buildActionMask = 2147483647;
			files = (
				D1F7DFBB2F71B5A40065D9BD /* FirebaseRemoteConfig in Frameworks */,
				D1F7DFB72F71B5920065D9BD /* FirebaseAnalytics in Frameworks */,
				D1F7DFB92F71B59F0065D9BD /* FirebaseCrashlytics in Frameworks */,
			);
			runOnlyForDeploymentPostprocessing = 0;
		};
		D11C52C12F6AEE6C001D3BD0 /* Frameworks */ = {
			isa = PBXFrameworksBuildPhase;
			buildActionMask = 2147483647;
			files = (
			);
			runOnlyForDeploymentPostprocessing = 0;
		};
		D11C52CB2F6AEE6C001D3BD0 /* Frameworks */ = {
			isa = PBXFrameworksBuildPhase;
			buildActionMask = 2147483647;
			files = (
			);
			runOnlyForDeploymentPostprocessing = 0;
		};
		D135BEA12DDE3957005B1325 /* Frameworks */ = {
			isa = PBXFrameworksBuildPhase;
			buildActionMask = 2147483647;
			files = (
				D1AAAE072E423F60000E710E /* FirebaseCrashlytics in Frameworks */,
				D1AAAE092E423F60000E710E /* FirebaseRemoteConfig in Frameworks */,
				D1FCB8BD2E8459E800F1E556 /* FirebaseAnalytics in Frameworks */,
			);
			runOnlyForDeploymentPostprocessing = 0;
		};
		D135BEAE2DDE3958005B1325 /* Frameworks */ = {
			isa = PBXFrameworksBuildPhase;
			buildActionMask = 2147483647;
			files = (
			);
			runOnlyForDeploymentPostprocessing = 0;
		};
		D135BEB82DDE3958005B1325 /* Frameworks */ = {
			isa = PBXFrameworksBuildPhase;
			buildActionMask = 2147483647;
			files = (
			);
			runOnlyForDeploymentPostprocessing = 0;
		};
/* End PBXFrameworksBuildPhase section */

/* Begin PBXGroup section */
		D135BE9B2DDE3957005B1325 = {
			isa = PBXGroup;
			children = (
				D11C52E22F6AF4F1001D3BD0 /* Shared */,
				D135BEA62DDE3957005B1325 /* OrganEasy */,
				D135BEB42DDE3958005B1325 /* OrganEasyTests */,
				D135BEBE2DDE3958005B1325 /* OrganEasyUITests */,
				D11C52B92F6AEE6A001D3BD0 /* OrganEasy MacOS */,
				D11C52C72F6AEE6C001D3BD0 /* OrganEasy MacOSTests */,
				D11C52D12F6AEE6C001D3BD0 /* OrganEasy MacOSUITests */,
				D1F7DFB52F71B5920065D9BD /* Frameworks */,
				D135BEA52DDE3957005B1325 /* Products */,
			);
			sourceTree = "<group>";
		};
		D135BEA52DDE3957005B1325 /* Products */ = {
			isa = PBXGroup;
			children = (
				D135BEA42DDE3957005B1325 /* OrganEasy.app */,
				D135BEB12DDE3958005B1325 /* OrganEasyTests.xctest */,
				D135BEBB2DDE3958005B1325 /* OrganEasyUITests.xctest */,
				D11C52B82F6AEE6A001D3BD0 /* OrganEasy MacOS.app */,
				D11C52C42F6AEE6C001D3BD0 /* OrganEasy MacOSTests.xctest */,
				D11C52CE2F6AEE6C001D3BD0 /* OrganEasy MacOSUITests.xctest */,
			);
			name = Products;
			sourceTree = "<group>";
		};
		D1F7DFB52F71B5920065D9BD /* Frameworks */ = {
			isa = PBXGroup;
			children = (
			);
			name = Frameworks;
			sourceTree = "<group>";
		};
/* End PBXGroup section */

/* Begin PBXNativeTarget section */
		D11C52B72F6AEE6A001D3BD0 /* OrganEasy MacOS */ = {
			isa = PBXNativeTarget;
			buildConfigurationList = D11C52DC2F6AEE6C001D3BD0 /* Build configuration list for PBXNativeTarget "OrganEasy MacOS" */;
			buildPhases = (
				D11C52B42F6AEE6A001D3BD0 /* Sources */,
				D11C52B52F6AEE6A001D3BD0 /* Frameworks */,
				D11C52B62F6AEE6A001D3BD0 /* Resources */,
			);
			buildRules = (
			);
			dependencies = (
			);
			fileSystemSynchronizedGroups = (
				D11C52B92F6AEE6A001D3BD0 /* OrganEasy MacOS */,
			);
			name = "OrganEasy MacOS";
			packageProductDependencies = (
				D1F7DFB62F71B5920065D9BD /* FirebaseAnalytics */,
				D1F7DFB82F71B59F0065D9BD /* FirebaseCrashlytics */,
				D1F7DFBA2F71B5A40065D9BD /* FirebaseRemoteConfig */,
			);
			productName = "OrganEasy MacOS";
			productReference = D11C52B82F6AEE6A001D3BD0 /* OrganEasy MacOS.app */;
			productType = "com.apple.product-type.application";
		};
		D11C52C32F6AEE6C001D3BD0 /* OrganEasy MacOSTests */ = {
			isa = PBXNativeTarget;
			buildConfigurationList = D11C52DD2F6AEE6C001D3BD0 /* Build configuration list for PBXNativeTarget "OrganEasy MacOSTests" */;
			buildPhases = (
				D11C52C02F6AEE6C001D3BD0 /* Sources */,
				D11C52C12F6AEE6C001D3BD0 /* Frameworks */,
				D11C52C22F6AEE6C001D3BD0 /* Resources */,
			);
			buildRules = (
			);
			dependencies = (
				D11C52C62F6AEE6C001D3BD0 /* PBXTargetDependency */,
			);
			fileSystemSynchronizedGroups = (
				D11C52C72F6AEE6C001D3BD0 /* OrganEasy MacOSTests */,
			);
			name = "OrganEasy MacOSTests";
			packageProductDependencies = (
			);
			productName = "OrganEasy MacOSTests";
			productReference = D11C52C42F6AEE6C001D3BD0 /* OrganEasy MacOSTests.xctest */;
			productType = "com.apple.product-type.bundle.unit-test";
		};
		D11C52CD2F6AEE6C001D3BD0 /* OrganEasy MacOSUITests */ = {
			isa = PBXNativeTarget;
			buildConfigurationList = D11C52DE2F6AEE6C001D3BD0 /* Build configuration list for PBXNativeTarget "OrganEasy MacOSUITests" */;
			buildPhases = (
				D11C52CA2F6AEE6C001D3BD0 /* Sources */,
				D11C52CB2F6AEE6C001D3BD0 /* Frameworks */,
				D11C52CC2F6AEE6C001D3BD0 /* Resources */,
			);
			buildRules = (
			);
			dependencies = (
				D11C52D02F6AEE6C001D3BD0 /* PBXTargetDependency */,
			);
			fileSystemSynchronizedGroups = (
				D11C52D12F6AEE6C001D3BD0 /* OrganEasy MacOSUITests */,
			);
			name = "OrganEasy MacOSUITests";
			packageProductDependencies = (
			);
			productName = "OrganEasy MacOSUITests";
			productReference = D11C52CE2F6AEE6C001D3BD0 /* OrganEasy MacOSUITests.xctest */;
			productType = "com.apple.product-type.bundle.ui-testing";
		};
		D135BEA32DDE3957005B1325 /* OrganEasy */ = {
			isa = PBXNativeTarget;
			buildConfigurationList = D135BEC52DDE3958005B1325 /* Build configuration list for PBXNativeTarget "OrganEasy" */;
			buildPhases = (
				D135BEA02DDE3957005B1325 /* Sources */,
				D135BEA12DDE3957005B1325 /* Frameworks */,
				D135BEA22DDE3957005B1325 /* Resources */,
			);
			buildRules = (
			);
			dependencies = (
			);
			fileSystemSynchronizedGroups = (
				D11C52E22F6AF4F1001D3BD0 /* Shared */,
				D135BEA62DDE3957005B1325 /* OrganEasy */,
			);
			name = OrganEasy;
			packageProductDependencies = (
				D1AAAE062E423F60000E710E /* FirebaseCrashlytics */,
				D1AAAE082E423F60000E710E /* FirebaseRemoteConfig */,
				D1FCB8BC2E8459E800F1E556 /* FirebaseAnalytics */,
			);
			productName = OrganEasy;
			productReference = D135BEA42DDE3957005B1325 /* OrganEasy.app */;
			productType = "com.apple.product-type.application";
		};
		D135BEB02DDE3958005B1325 /* OrganEasyTests */ = {
			isa = PBXNativeTarget;
			buildConfigurationList = D135BEC82DDE3958005B1325 /* Build configuration list for PBXNativeTarget "OrganEasyTests" */;
			buildPhases = (
				D135BEAD2DDE3958005B1325 /* Sources */,
				D135BEAE2DDE3958005B1325 /* Frameworks */,
				D135BEAF2DDE3958005B1325 /* Resources */,
			);
			buildRules = (
			);
			dependencies = (
				D135BEB32DDE3958005B1325 /* PBXTargetDependency */,
			);
			fileSystemSynchronizedGroups = (
				D135BEB42DDE3958005B1325 /* OrganEasyTests */,
			);
			name = OrganEasyTests;
			packageProductDependencies = (
			);
			productName = OrganEasyTests;
			productReference = D135BEB12DDE3958005B1325 /* OrganEasyTests.xctest */;
			productType = "com.apple.product-type.bundle.unit-test";
		};
		D135BEBA2DDE3958005B1325 /* OrganEasyUITests */ = {
			isa = PBXNativeTarget;
			buildConfigurationList = D135BECB2DDE3958005B1325 /* Build configuration list for PBXNativeTarget "OrganEasyUITests" */;
			buildPhases = (
				D135BEB72DDE3958005B1325 /* Sources */,
				D135BEB82DDE3958005B1325 /* Frameworks */,
				D135BEB92DDE3958005B1325 /* Resources */,
			);
			buildRules = (
			);
			dependencies = (
				D135BEBD2DDE3958005B1325 /* PBXTargetDependency */,
			);
			fileSystemSynchronizedGroups = (
				D135BEBE2DDE3958005B1325 /* OrganEasyUITests */,
			);
			name = OrganEasyUITests;
			packageProductDependencies = (
			);
			productName = OrganEasyUITests;
			productReference = D135BEBB2DDE3958005B1325 /* OrganEasyUITests.xctest */;
			productType = "com.apple.product-type.bundle.ui-testing";
		};
/* End PBXNativeTarget section */

/* Begin PBXProject section */
		D135BE9C2DDE3957005B1325 /* Project object */ = {
			isa = PBXProject;
			attributes = {
				BuildIndependentTargetsInParallel = 1;
				LastSwiftUpdateCheck = 2630;
				LastUpgradeCheck = 1630;
				TargetAttributes = {
					D11C52B72F6AEE6A001D3BD0 = {
						CreatedOnToolsVersion = 26.3;
					};
					D11C52C32F6AEE6C001D3BD0 = {
						CreatedOnToolsVersion = 26.3;
						TestTargetID = D11C52B72F6AEE6A001D3BD0;
					};
					D11C52CD2F6AEE6C001D3BD0 = {
						CreatedOnToolsVersion = 26.3;
						TestTargetID = D11C52B72F6AEE6A001D3BD0;
					};
					D135BEA32DDE3957005B1325 = {
						CreatedOnToolsVersion = 16.3;
					};
					D135BEB02DDE3958005B1325 = {
						CreatedOnToolsVersion = 16.3;
						TestTargetID = D135BEA32DDE3957005B1325;
					};
					D135BEBA2DDE3958005B1325 = {
						CreatedOnToolsVersion = 16.3;
						TestTargetID = D135BEA32DDE3957005B1325;
					};
				};
			};
			buildConfigurationList = D135BE9F2DDE3957005B1325 /* Build configuration list for PBXProject "OrganEasy" */;
			developmentRegion = "pt-BR";
			hasScannedForEncodings = 0;
			knownRegions = (
				en,
				Base,
				"pt-BR",
			);
			mainGroup = D135BE9B2DDE3957005B1325;
			minimizedProjectReferenceProxies = 1;
			packageReferences = (
				D1AAAE052E423F60000E710E /* XCRemoteSwiftPackageReference "firebase-ios-sdk" */,
			);
			preferredProjectObjectVersion = 77;
			productRefGroup = D135BEA52DDE3957005B1325 /* Products */;
			projectDirPath = "";
			projectRoot = "";
			targets = (
				D135BEA32DDE3957005B1325 /* OrganEasy */,
				D135BEB02DDE3958005B1325 /* OrganEasyTests */,
				D135BEBA2DDE3958005B1325 /* OrganEasyUITests */,
				D11C52B72F6AEE6A001D3BD0 /* OrganEasy MacOS */,
				D11C52C32F6AEE6C001D3BD0 /* OrganEasy MacOSTests */,
				D11C52CD2F6AEE6C001D3BD0 /* OrganEasy MacOSUITests */,
			);
		};
/* End PBXProject section */

/* Begin PBXResourcesBuildPhase section */
		D11C52B62F6AEE6A001D3BD0 /* Resources */ = {
			isa = PBXResourcesBuildPhase;
			buildActionMask = 2147483647;
			files = (
			);
			runOnlyForDeploymentPostprocessing = 0;
		};
		D11C52C22F6AEE6C001D3BD0 /* Resources */ = {
			isa = PBXResourcesBuildPhase;
			buildActionMask = 2147483647;
			files = (
			);
			runOnlyForDeploymentPostprocessing = 0;
		};
		D11C52CC2F6AEE6C001D3BD0 /* Resources */ = {
			isa = PBXResourcesBuildPhase;
			buildActionMask = 2147483647;
			files = (
			);
			runOnlyForDeploymentPostprocessing = 0;
		};
		D135BEA22DDE3957005B1325 /* Resources */ = {
			isa = PBXResourcesBuildPhase;
			buildActionMask = 2147483647;
			files = (
			);
			runOnlyForDeploymentPostprocessing = 0;
		};
		D135BEAF2DDE3958005B1325 /* Resources */ = {
			isa = PBXResourcesBuildPhase;
			buildActionMask = 2147483647;
			files = (
			);
			runOnlyForDeploymentPostprocessing = 0;
		};
		D135BEB92DDE3958005B1325 /* Resources */ = {
			isa = PBXResourcesBuildPhase;
			buildActionMask = 2147483647;
			files = (
			);
			runOnlyForDeploymentPostprocessing = 0;
		};
/* End PBXResourcesBuildPhase section */

/* Begin PBXSourcesBuildPhase section */
		D11C52B42F6AEE6A001D3BD0 /* Sources */ = {
			isa = PBXSourcesBuildPhase;
			buildActionMask = 2147483647;
			files = (
			);
			runOnlyForDeploymentPostprocessing = 0;
		};
		D11C52C02F6AEE6C001D3BD0 /* Sources */ = {
			isa = PBXSourcesBuildPhase;
			buildActionMask = 2147483647;
			files = (
			);
			runOnlyForDeploymentPostprocessing = 0;
		};
		D11C52CA2F6AEE6C001D3BD0 /* Sources */ = {
			isa = PBXSourcesBuildPhase;
			buildActionMask = 2147483647;
			files = (
			);
			runOnlyForDeploymentPostprocessing = 0;
		};
		D135BEA02DDE3957005B1325 /* Sources */ = {
			isa = PBXSourcesBuildPhase;
			buildActionMask = 2147483647;
			files = (
			);
			runOnlyForDeploymentPostprocessing = 0;
		};
		D135BEAD2DDE3958005B1325 /* Sources */ = {
			isa = PBXSourcesBuildPhase;
			buildActionMask = 2147483647;
			files = (
			);
			runOnlyForDeploymentPostprocessing = 0;
		};
		D135BEB72DDE3958005B1325 /* Sources */ = {
			isa = PBXSourcesBuildPhase;
			buildActionMask = 2147483647;
			files = (
			);
			runOnlyForDeploymentPostprocessing = 0;
		};
/* End PBXSourcesBuildPhase section */

/* Begin PBXTargetDependency section */
		D11C52C62F6AEE6C001D3BD0 /* PBXTargetDependency */ = {
			isa = PBXTargetDependency;
			target = D11C52B72F6AEE6A001D3BD0 /* OrganEasy MacOS */;
			targetProxy = D11C52C52F6AEE6C001D3BD0 /* PBXContainerItemProxy */;
		};
		D11C52D02F6AEE6C001D3BD0 /* PBXTargetDependency */ = {
			isa = PBXTargetDependency;
			target = D11C52B72F6AEE6A001D3BD0 /* OrganEasy MacOS */;
			targetProxy = D11C52CF2F6AEE6C001D3BD0 /* PBXContainerItemProxy */;
		};
		D135BEB32DDE3958005B1325 /* PBXTargetDependency */ = {
			isa = PBXTargetDependency;
			target = D135BEA32DDE3957005B1325 /* OrganEasy */;
			targetProxy = D135BEB22DDE3958005B1325 /* PBXContainerItemProxy */;
		};
		D135BEBD2DDE3958005B1325 /* PBXTargetDependency */ = {
			isa = PBXTargetDependency;
			target = D135BEA32DDE3957005B1325 /* OrganEasy */;
			targetProxy = D135BEBC2DDE3958005B1325 /* PBXContainerItemProxy */;
		};
/* End PBXTargetDependency section */

/* Begin XCBuildConfiguration section */
		D11C52D62F6AEE6C001D3BD0 /* Debug */ = {
			isa = XCBuildConfiguration;
			buildSettings = {
				ASSETCATALOG_COMPILER_APPICON_NAME = "OrganEasy Colors";
				ASSETCATALOG_COMPILER_GLOBAL_ACCENT_COLOR_NAME = AccentColor;
				CODE_SIGN_ENTITLEMENTS = "OrganEasy MacOS/OrganEasy MacOS.entitlements";
				CODE_SIGN_STYLE = Automatic;
				COMBINE_HIDPI_IMAGES = YES;
				CURRENT_PROJECT_VERSION = 1;
				DEVELOPMENT_TEAM = R34UAPPFD3;
				ENABLE_APP_SANDBOX = YES;
				ENABLE_HARDENED_RUNTIME = YES;
				ENABLE_PREVIEWS = YES;
				ENABLE_USER_SELECTED_FILES = readonly;
				GENERATE_INFOPLIST_FILE = YES;
				INFOPLIST_KEY_NSHumanReadableCopyright = "";
				LD_RUNPATH_SEARCH_PATHS = (
					"$(inherited)",
					"@executable_path/../Frameworks",
				);
				MACOSX_DEPLOYMENT_TARGET = 26.2;
				MARKETING_VERSION = 1.0;
				PRODUCT_BUNDLE_IDENTIFIER = "br.com.waltervreis.OrganEasy-MacOS";
				PRODUCT_NAME = "$(TARGET_NAME)";
				REGISTER_APP_GROUPS = YES;
				SDKROOT = macosx;
				STRING_CATALOG_GENERATE_SYMBOLS = YES;
				SWIFT_APPROACHABLE_CONCURRENCY = YES;
				SWIFT_DEFAULT_ACTOR_ISOLATION = MainActor;
				SWIFT_EMIT_LOC_STRINGS = YES;
				SWIFT_UPCOMING_FEATURE_MEMBER_IMPORT_VISIBILITY = YES;
				SWIFT_VERSION = 5.0;
			};
			name = Debug;
		};
		D11C52D72F6AEE6C001D3BD0 /* Release */ = {
			isa = XCBuildConfiguration;
			buildSettings = {
				ASSETCATALOG_COMPILER_APPICON_NAME = "OrganEasy Colors";
				ASSETCATALOG_COMPILER_GLOBAL_ACCENT_COLOR_NAME = AccentColor;
				CODE_SIGN_ENTITLEMENTS = "OrganEasy MacOS/OrganEasy MacOS.entitlements";
				CODE_SIGN_STYLE = Automatic;
				COMBINE_HIDPI_IMAGES = YES;
				CURRENT_PROJECT_VERSION = 1;
				DEVELOPMENT_TEAM = R34UAPPFD3;
				ENABLE_APP_SANDBOX = YES;
				ENABLE_HARDENED_RUNTIME = YES;
				ENABLE_PREVIEWS = YES;
				ENABLE_USER_SELECTED_FILES = readonly;
				GENERATE_INFOPLIST_FILE = YES;
				INFOPLIST_KEY_NSHumanReadableCopyright = "";
				LD_RUNPATH_SEARCH_PATHS = (
					"$(inherited)",
					"@executable_path/../Frameworks",
				);
				MACOSX_DEPLOYMENT_TARGET = 26.2;
				MARKETING_VERSION = 1.0;
				PRODUCT_BUNDLE_IDENTIFIER = "br.com.waltervreis.OrganEasy-MacOS";
				PRODUCT_NAME = "$(TARGET_NAME)";
				REGISTER_APP_GROUPS = YES;
				SDKROOT = macosx;
				STRING_CATALOG_GENERATE_SYMBOLS = YES;
				SWIFT_APPROACHABLE_CONCURRENCY = YES;
				SWIFT_DEFAULT_ACTOR_ISOLATION = MainActor;
				SWIFT_EMIT_LOC_STRINGS = YES;
				SWIFT_UPCOMING_FEATURE_MEMBER_IMPORT_VISIBILITY = YES;
				SWIFT_VERSION = 5.0;
			};
			name = Release;
		};
		D11C52D82F6AEE6C001D3BD0 /* Debug */ = {
			isa = XCBuildConfiguration;
			buildSettings = {
				BUNDLE_LOADER = "$(TEST_HOST)";
				CODE_SIGN_STYLE = Automatic;
				CURRENT_PROJECT_VERSION = 1;
				DEVELOPMENT_TEAM = R34UAPPFD3;
				GENERATE_INFOPLIST_FILE = YES;
				MACOSX_DEPLOYMENT_TARGET = 26.2;
				MARKETING_VERSION = 1.0;
				PRODUCT_BUNDLE_IDENTIFIER = "br.com.waltervreis.OrganEasy-MacOSTests";
				PRODUCT_NAME = "$(TARGET_NAME)";
				SDKROOT = macosx;
				STRING_CATALOG_GENERATE_SYMBOLS = NO;
				SWIFT_APPROACHABLE_CONCURRENCY = YES;
				SWIFT_EMIT_LOC_STRINGS = NO;
				SWIFT_UPCOMING_FEATURE_MEMBER_IMPORT_VISIBILITY = YES;
				SWIFT_VERSION = 5.0;
				TEST_HOST = "$(BUILT_PRODUCTS_DIR)/OrganEasy MacOS.app/$(BUNDLE_EXECUTABLE_FOLDER_PATH)/OrganEasy MacOS";
			};
			name = Debug;
		};
		D11C52D92F6AEE6C001D3BD0 /* Release */ = {
			isa = XCBuildConfiguration;
			buildSettings = {
				BUNDLE_LOADER = "$(TEST_HOST)";
				CODE_SIGN_STYLE = Automatic;
				CURRENT_PROJECT_VERSION = 1;
				DEVELOPMENT_TEAM = R34UAPPFD3;
				GENERATE_INFOPLIST_FILE = YES;
				MACOSX_DEPLOYMENT_TARGET = 26.2;
				MARKETING_VERSION = 1.0;
				PRODUCT_BUNDLE_IDENTIFIER = "br.com.waltervreis.OrganEasy-MacOSTests";
				PRODUCT_NAME = "$(TARGET_NAME)";
				SDKROOT = macosx;
				STRING_CATALOG_GENERATE_SYMBOLS = NO;
				SWIFT_APPROACHABLE_CONCURRENCY = YES;
				SWIFT_EMIT_LOC_STRINGS = NO;
				SWIFT_UPCOMING_FEATURE_MEMBER_IMPORT_VISIBILITY = YES;
				SWIFT_VERSION = 5.0;
				TEST_HOST = "$(BUILT_PRODUCTS_DIR)/OrganEasy MacOS.app/$(BUNDLE_EXECUTABLE_FOLDER_PATH)/OrganEasy MacOS";
			};
			name = Release;
		};
		D11C52DA2F6AEE6C001D3BD0 /* Debug */ = {
			isa = XCBuildConfiguration;
			buildSettings = {
				CODE_SIGN_STYLE = Automatic;
				CURRENT_PROJECT_VERSION = 1;
				DEVELOPMENT_TEAM = R34UAPPFD3;
				GENERATE_INFOPLIST_FILE = YES;
				MACOSX_DEPLOYMENT_TARGET = 26.2;
				MARKETING_VERSION = 1.0;
				PRODUCT_BUNDLE_IDENTIFIER = "br.com.waltervreis.OrganEasy-MacOSUITests";
				PRODUCT_NAME = "$(TARGET_NAME)";
				SDKROOT = macosx;
				STRING_CATALOG_GENERATE_SYMBOLS = NO;
				SWIFT_APPROACHABLE_CONCURRENCY = YES;
				SWIFT_EMIT_LOC_STRINGS = NO;
				SWIFT_UPCOMING_FEATURE_MEMBER_IMPORT_VISIBILITY = YES;
				SWIFT_VERSION = 5.0;
				TEST_TARGET_NAME = "OrganEasy MacOS";
			};
			name = Debug;
		};
		D11C52DB2F6AEE6C001D3BD0 /* Release */ = {
			isa = XCBuildConfiguration;
			buildSettings = {
				CODE_SIGN_STYLE = Automatic;
				CURRENT_PROJECT_VERSION = 1;
				DEVELOPMENT_TEAM = R34UAPPFD3;
				GENERATE_INFOPLIST_FILE = YES;
				MACOSX_DEPLOYMENT_TARGET = 26.2;
				MARKETING_VERSION = 1.0;
				PRODUCT_BUNDLE_IDENTIFIER = "br.com.waltervreis.OrganEasy-MacOSUITests";
				PRODUCT_NAME = "$(TARGET_NAME)";
				SDKROOT = macosx;
				STRING_CATALOG_GENERATE_SYMBOLS = NO;
				SWIFT_APPROACHABLE_CONCURRENCY = YES;
				SWIFT_EMIT_LOC_STRINGS = NO;
				SWIFT_UPCOMING_FEATURE_MEMBER_IMPORT_VISIBILITY = YES;
				SWIFT_VERSION = 5.0;
				TEST_TARGET_NAME = "OrganEasy MacOS";
			};
			name = Release;
		};
		D135BEC32DDE3958005B1325 /* Debug */ = {
			isa = XCBuildConfiguration;
			buildSettings = {
				ALWAYS_SEARCH_USER_PATHS = NO;
				ASSETCATALOG_COMPILER_GENERATE_SWIFT_ASSET_SYMBOL_EXTENSIONS = YES;
				CLANG_ANALYZER_NONNULL = YES;
				CLANG_ANALYZER_NUMBER_OBJECT_CONVERSION = YES_AGGRESSIVE;
				CLANG_CXX_LANGUAGE_STANDARD = "gnu++20";
				CLANG_ENABLE_MODULES = YES;
				CLANG_ENABLE_OBJC_ARC = YES;
				CLANG_ENABLE_OBJC_WEAK = YES;
				CLANG_WARN_BLOCK_CAPTURE_AUTORELEASING = YES;
				CLANG_WARN_BOOL_CONVERSION = YES;
				CLANG_WARN_COMMA = YES;
				CLANG_WARN_CONSTANT_CONVERSION = YES;
				CLANG_WARN_DEPRECATED_OBJC_IMPLEMENTATIONS = YES;
				CLANG_WARN_DIRECT_OBJC_ISA_USAGE = YES_ERROR;
				CLANG_WARN_DOCUMENTATION_COMMENTS = YES;
				CLANG_WARN_EMPTY_BODY = YES;
				CLANG_WARN_ENUM_CONVERSION = YES;
				CLANG_WARN_INFINITE_RECURSION = YES;
				CLANG_WARN_INT_CONVERSION = YES;
				CLANG_WARN_NON_LITERAL_NULL_CONVERSION = YES;
				CLANG_WARN_OBJC_IMPLICIT_RETAIN_SELF = YES;
				CLANG_WARN_OBJC_LITERAL_CONVERSION = YES;
				CLANG_WARN_OBJC_ROOT_CLASS = YES_ERROR;
				CLANG_WARN_QUOTED_INCLUDE_IN_FRAMEWORK_HEADER = YES;
				CLANG_WARN_RANGE_LOOP_ANALYSIS = YES;
				CLANG_WARN_STRICT_PROTOTYPES = YES;
				CLANG_WARN_SUSPICIOUS_MOVE = YES;
				CLANG_WARN_UNGUARDED_AVAILABILITY = YES_AGGRESSIVE;
				CLANG_WARN_UNREACHABLE_CODE = YES;
				CLANG_WARN__DUPLICATE_METHOD_MATCH = YES;
				COPY_PHASE_STRIP = NO;
				DEBUG_INFORMATION_FORMAT = dwarf;
				DEVELOPMENT_TEAM = LCB7D73GH4;
				ENABLE_STRICT_OBJC_MSGSEND = YES;
				ENABLE_TESTABILITY = YES;
				ENABLE_USER_SCRIPT_SANDBOXING = YES;
				GCC_C_LANGUAGE_STANDARD = gnu17;
				GCC_DYNAMIC_NO_PIC = NO;
				GCC_NO_COMMON_BLOCKS = YES;
				GCC_OPTIMIZATION_LEVEL = 0;
				GCC_PREPROCESSOR_DEFINITIONS = (
					"DEBUG=1",
					"$(inherited)",
				);
				GCC_WARN_64_TO_32_BIT_CONVERSION = YES;
				GCC_WARN_ABOUT_RETURN_TYPE = YES_ERROR;
				GCC_WARN_UNDECLARED_SELECTOR = YES;
				GCC_WARN_UNINITIALIZED_AUTOS = YES_AGGRESSIVE;
				GCC_WARN_UNUSED_FUNCTION = YES;
				GCC_WARN_UNUSED_VARIABLE = YES;
				IPHONEOS_DEPLOYMENT_TARGET = 18.4;
				LOCALIZATION_PREFERS_STRING_CATALOGS = YES;
				MTL_ENABLE_DEBUG_INFO = INCLUDE_SOURCE;
				MTL_FAST_MATH = YES;
				ONLY_ACTIVE_ARCH = YES;
				SDKROOT = iphoneos;
				SWIFT_ACTIVE_COMPILATION_CONDITIONS = "DEBUG $(inherited)";
				SWIFT_EMIT_LOC_STRINGS = YES;
				SWIFT_OPTIMIZATION_LEVEL = "-Onone";
			};
			name = Debug;
		};
		D135BEC42DDE3958005B1325 /* Release */ = {
			isa = XCBuildConfiguration;
			buildSettings = {
				ALWAYS_SEARCH_USER_PATHS = NO;
				ASSETCATALOG_COMPILER_GENERATE_SWIFT_ASSET_SYMBOL_EXTENSIONS = YES;
				CLANG_ANALYZER_NONNULL = YES;
				CLANG_ANALYZER_NUMBER_OBJECT_CONVERSION = YES_AGGRESSIVE;
				CLANG_CXX_LANGUAGE_STANDARD = "gnu++20";
				CLANG_ENABLE_MODULES = YES;
				CLANG_ENABLE_OBJC_ARC = YES;
				CLANG_ENABLE_OBJC_WEAK = YES;
				CLANG_WARN_BLOCK_CAPTURE_AUTORELEASING = YES;
				CLANG_WARN_BOOL_CONVERSION = YES;
				CLANG_WARN_COMMA = YES;
				CLANG_WARN_CONSTANT_CONVERSION = YES;
				CLANG_WARN_DEPRECATED_OBJC_IMPLEMENTATIONS = YES;
				CLANG_WARN_DIRECT_OBJC_ISA_USAGE = YES_ERROR;
				CLANG_WARN_DOCUMENTATION_COMMENTS = YES;
				CLANG_WARN_EMPTY_BODY = YES;
				CLANG_WARN_ENUM_CONVERSION = YES;
				CLANG_WARN_INFINITE_RECURSION = YES;
				CLANG_WARN_INT_CONVERSION = YES;
				CLANG_WARN_NON_LITERAL_NULL_CONVERSION = YES;
				CLANG_WARN_OBJC_IMPLICIT_RETAIN_SELF = YES;
				CLANG_WARN_OBJC_LITERAL_CONVERSION = YES;
				CLANG_WARN_OBJC_ROOT_CLASS = YES_ERROR;
				CLANG_WARN_QUOTED_INCLUDE_IN_FRAMEWORK_HEADER = YES;
				CLANG_WARN_RANGE_LOOP_ANALYSIS = YES;
				CLANG_WARN_STRICT_PROTOTYPES = YES;
				CLANG_WARN_SUSPICIOUS_MOVE = YES;
				CLANG_WARN_UNGUARDED_AVAILABILITY = YES_AGGRESSIVE;
				CLANG_WARN_UNREACHABLE_CODE = YES;
				CLANG_WARN__DUPLICATE_METHOD_MATCH = YES;
				COPY_PHASE_STRIP = NO;
				DEBUG_INFORMATION_FORMAT = "dwarf-with-dsym";
				DEVELOPMENT_TEAM = LCB7D73GH4;
				ENABLE_NS_ASSERTIONS = NO;
				ENABLE_STRICT_OBJC_MSGSEND = YES;
				ENABLE_USER_SCRIPT_SANDBOXING = YES;
				GCC_C_LANGUAGE_STANDARD = gnu17;
				GCC_NO_COMMON_BLOCKS = YES;
				GCC_WARN_64_TO_32_BIT_CONVERSION = YES;
				GCC_WARN_ABOUT_RETURN_TYPE = YES_ERROR;
				GCC_WARN_UNDECLARED_SELECTOR = YES;
				GCC_WARN_UNINITIALIZED_AUTOS = YES_AGGRESSIVE;
				GCC_WARN_UNUSED_FUNCTION = YES;
				GCC_WARN_UNUSED_VARIABLE = YES;
				IPHONEOS_DEPLOYMENT_TARGET = 18.4;
				LOCALIZATION_PREFERS_STRING_CATALOGS = YES;
				MTL_ENABLE_DEBUG_INFO = NO;
				MTL_FAST_MATH = YES;
				SDKROOT = iphoneos;
				SWIFT_COMPILATION_MODE = wholemodule;
				SWIFT_EMIT_LOC_STRINGS = YES;
				VALIDATE_PRODUCT = YES;
			};
			name = Release;
		};
		D135BEC62DDE3958005B1325 /* Debug */ = {
			isa = XCBuildConfiguration;
			buildSettings = {
				ASSETCATALOG_COMPILER_APPICON_NAME = "OrganEasy Colors";
				ASSETCATALOG_COMPILER_GLOBAL_ACCENT_COLOR_NAME = AccentColor;
				CODE_SIGN_ENTITLEMENTS = OrganEasy/OrganEasy.entitlements;
				CODE_SIGN_IDENTITY = "Apple Development";
				CODE_SIGN_STYLE = Automatic;
				CURRENT_PROJECT_VERSION = 14;
				DEVELOPMENT_TEAM = R34UAPPFD3;
				ENABLE_PREVIEWS = YES;
				GENERATE_INFOPLIST_FILE = YES;
				INFOPLIST_FILE = OrganEasy/Info.plist;
				INFOPLIST_KEY_CFBundleDisplayName = OrganEasy;
				INFOPLIST_KEY_LSApplicationCategoryType = "public.app-category.utilities";
				INFOPLIST_KEY_UIApplicationSceneManifest_Generation = YES;
				INFOPLIST_KEY_UIApplicationSupportsIndirectInputEvents = YES;
				INFOPLIST_KEY_UILaunchStoryboardName = "Launch Screen.storyboard";
				INFOPLIST_KEY_UISupportedInterfaceOrientations = "UIInterfaceOrientationLandscapeLeft UIInterfaceOrientationLandscapeRight UIInterfaceOrientationPortrait UIInterfaceOrientationPortraitUpsideDown";
				IPHONEOS_DEPLOYMENT_TARGET = 26.0;
				LD_RUNPATH_SEARCH_PATHS = (
					"$(inherited)",
					"@executable_path/Frameworks",
				);
				MARKETING_VERSION = 1.1.0;
				PRODUCT_BUNDLE_IDENTIFIER = br.com.vanio.walter.app;
				PRODUCT_NAME = "$(TARGET_NAME)";
				PROVISIONING_PROFILE_SPECIFIER = "";
				SWIFT_EMIT_LOC_STRINGS = YES;
				SWIFT_VERSION = 5.0;
				TARGETED_DEVICE_FAMILY = "1,2";
			};
			name = Debug;
		};
		D135BEC72DDE3958005B1325 /* Release */ = {
			isa = XCBuildConfiguration;
			buildSettings = {
				ASSETCATALOG_COMPILER_APPICON_NAME = "OrganEasy Colors";
				ASSETCATALOG_COMPILER_GLOBAL_ACCENT_COLOR_NAME = AccentColor;
				CODE_SIGN_ENTITLEMENTS = OrganEasy/OrganEasy.entitlements;
				CODE_SIGN_IDENTITY = "Apple Development";
				CODE_SIGN_STYLE = Automatic;
				CURRENT_PROJECT_VERSION = 14;
				DEVELOPMENT_TEAM = R34UAPPFD3;
				ENABLE_PREVIEWS = YES;
				GENERATE_INFOPLIST_FILE = YES;
				INFOPLIST_FILE = OrganEasy/Info.plist;
				INFOPLIST_KEY_CFBundleDisplayName = OrganEasy;
				INFOPLIST_KEY_LSApplicationCategoryType = "public.app-category.utilities";
				INFOPLIST_KEY_UIApplicationSceneManifest_Generation = YES;
				INFOPLIST_KEY_UIApplicationSupportsIndirectInputEvents = YES;
				INFOPLIST_KEY_UILaunchStoryboardName = "Launch Screen.storyboard";
				INFOPLIST_KEY_UISupportedInterfaceOrientations = "UIInterfaceOrientationLandscapeLeft UIInterfaceOrientationLandscapeRight UIInterfaceOrientationPortrait UIInterfaceOrientationPortraitUpsideDown";
				IPHONEOS_DEPLOYMENT_TARGET = 26.0;
				LD_RUNPATH_SEARCH_PATHS = (
					"$(inherited)",
					"@executable_path/Frameworks",
				);
				MARKETING_VERSION = 1.1.0;
				PRODUCT_BUNDLE_IDENTIFIER = br.com.vanio.walter.app;
				PRODUCT_NAME = "$(TARGET_NAME)";
				PROVISIONING_PROFILE_SPECIFIER = "";
				SWIFT_EMIT_LOC_STRINGS = YES;
				SWIFT_VERSION = 5.0;
				TARGETED_DEVICE_FAMILY = "1,2";
			};
			name = Release;
		};
		D135BEC92DDE3958005B1325 /* Debug */ = {
			isa = XCBuildConfiguration;
			buildSettings = {
				BUNDLE_LOADER = "$(TEST_HOST)";
				CODE_SIGN_STYLE = Automatic;
				CURRENT_PROJECT_VERSION = 1;
				DEVELOPMENT_TEAM = LCB7D73GH4;
				GENERATE_INFOPLIST_FILE = YES;
				IPHONEOS_DEPLOYMENT_TARGET = 18.4;
				MARKETING_VERSION = 1.0;
				PRODUCT_BUNDLE_IDENTIFIER = br.com.waltervreis.OrganEasyTests;
				PRODUCT_NAME = "$(TARGET_NAME)";
				SWIFT_EMIT_LOC_STRINGS = NO;
				SWIFT_VERSION = 5.0;
				TARGETED_DEVICE_FAMILY = "1,2";
				TEST_HOST = "$(BUILT_PRODUCTS_DIR)/OrganEasy.app/$(BUNDLE_EXECUTABLE_FOLDER_PATH)/OrganEasy";
			};
			name = Debug;
		};
		D135BECA2DDE3958005B1325 /* Release */ = {
			isa = XCBuildConfiguration;
			buildSettings = {
				BUNDLE_LOADER = "$(TEST_HOST)";
				CODE_SIGN_STYLE = Automatic;
				CURRENT_PROJECT_VERSION = 1;
				DEVELOPMENT_TEAM = LCB7D73GH4;
				GENERATE_INFOPLIST_FILE = YES;
				IPHONEOS_DEPLOYMENT_TARGET = 18.4;
				MARKETING_VERSION = 1.0;
				PRODUCT_BUNDLE_IDENTIFIER = br.com.waltervreis.OrganEasyTests;
				PRODUCT_NAME = "$(TARGET_NAME)";
				SWIFT_EMIT_LOC_STRINGS = NO;
				SWIFT_VERSION = 5.0;
				TARGETED_DEVICE_FAMILY = "1,2";
				TEST_HOST = "$(BUILT_PRODUCTS_DIR)/OrganEasy.app/$(BUNDLE_EXECUTABLE_FOLDER_PATH)/OrganEasy";
			};
			name = Release;
		};
		D135BECC2DDE3958005B1325 /* Debug */ = {
			isa = XCBuildConfiguration;
			buildSettings = {
				CODE_SIGN_STYLE = Automatic;
				CURRENT_PROJECT_VERSION = 1;
				DEVELOPMENT_TEAM = LCB7D73GH4;
				GENERATE_INFOPLIST_FILE = YES;
				MARKETING_VERSION = 1.0;
				PRODUCT_BUNDLE_IDENTIFIER = br.com.waltervreis.OrganEasyUITests;
				PRODUCT_NAME = "$(TARGET_NAME)";
				SWIFT_EMIT_LOC_STRINGS = NO;
				SWIFT_VERSION = 5.0;
				TARGETED_DEVICE_FAMILY = "1,2";
				TEST_TARGET_NAME = OrganEasy;
			};
			name = Debug;
		};
		D135BECD2DDE3958005B1325 /* Release */ = {
			isa = XCBuildConfiguration;
			buildSettings = {
				CODE_SIGN_STYLE = Automatic;
				CURRENT_PROJECT_VERSION = 1;
				DEVELOPMENT_TEAM = LCB7D73GH4;
				GENERATE_INFOPLIST_FILE = YES;
				MARKETING_VERSION = 1.0;
				PRODUCT_BUNDLE_IDENTIFIER = br.com.waltervreis.OrganEasyUITests;
				PRODUCT_NAME = "$(TARGET_NAME)";
				SWIFT_EMIT_LOC_STRINGS = NO;
				SWIFT_VERSION = 5.0;
				TARGETED_DEVICE_FAMILY = "1,2";
				TEST_TARGET_NAME = OrganEasy;
			};
			name = Release;
		};
/* End XCBuildConfiguration section */

/* Begin XCConfigurationList section */
		D11C52DC2F6AEE6C001D3BD0 /* Build configuration list for PBXNativeTarget "OrganEasy MacOS" */ = {
			isa = XCConfigurationList;
			buildConfigurations = (
				D11C52D62F6AEE6C001D3BD0 /* Debug */,
				D11C52D72F6AEE6C001D3BD0 /* Release */,
			);
			defaultConfigurationIsVisible = 0;
			defaultConfigurationName = Release;
		};
		D11C52DD2F6AEE6C001D3BD0 /* Build configuration list for PBXNativeTarget "OrganEasy MacOSTests" */ = {
			isa = XCConfigurationList;
			buildConfigurations = (
				D11C52D82F6AEE6C001D3BD0 /* Debug */,
				D11C52D92F6AEE6C001D3BD0 /* Release */,
			);
			defaultConfigurationIsVisible = 0;
			defaultConfigurationName = Release;
		};
		D11C52DE2F6AEE6C001D3BD0 /* Build configuration list for PBXNativeTarget "OrganEasy MacOSUITests" */ = {
			isa = XCConfigurationList;
			buildConfigurations = (
				D11C52DA2F6AEE6C001D3BD0 /* Debug */,
				D11C52DB2F6AEE6C001D3BD0 /* Release */,
			);
			defaultConfigurationIsVisible = 0;
			defaultConfigurationName = Release;
		};
		D135BE9F2DDE3957005B1325 /* Build configuration list for PBXProject "OrganEasy" */ = {
			isa = XCConfigurationList;
			buildConfigurations = (
				D135BEC32DDE3958005B1325 /* Debug */,
				D135BEC42DDE3958005B1325 /* Release */,
			);
			defaultConfigurationIsVisible = 0;
			defaultConfigurationName = Release;
		};
		D135BEC52DDE3958005B1325 /* Build configuration list for PBXNativeTarget "OrganEasy" */ = {
			isa = XCConfigurationList;
			buildConfigurations = (
				D135BEC62DDE3958005B1325 /* Debug */,
				D135BEC72DDE3958005B1325 /* Release */,
			);
			defaultConfigurationIsVisible = 0;
			defaultConfigurationName = Release;
		};
		D135BEC82DDE3958005B1325 /* Build configuration list for PBXNativeTarget "OrganEasyTests" */ = {
			isa = XCConfigurationList;
			buildConfigurations = (
				D135BEC92DDE3958005B1325 /* Debug */,
				D135BECA2DDE3958005B1325 /* Release */,
			);
			defaultConfigurationIsVisible = 0;
			defaultConfigurationName = Release;
		};
		D135BECB2DDE3958005B1325 /* Build configuration list for PBXNativeTarget "OrganEasyUITests" */ = {
			isa = XCConfigurationList;
			buildConfigurations = (
				D135BECC2DDE3958005B1325 /* Debug */,
				D135BECD2DDE3958005B1325 /* Release */,
			);
			defaultConfigurationIsVisible = 0;
			defaultConfigurationName = Release;
		};
/* End XCConfigurationList section */

/* Begin XCRemoteSwiftPackageReference section */
		D1AAAE052E423F60000E710E /* XCRemoteSwiftPackageReference "firebase-ios-sdk" */ = {
			isa = XCRemoteSwiftPackageReference;
			repositoryURL = "https://github.com/firebase/firebase-ios-sdk";
			requirement = {
				kind = upToNextMajorVersion;
				minimumVersion = 12.1.0;
			};
		};
/* End XCRemoteSwiftPackageReference section */

/* Begin XCSwiftPackageProductDependency section */
		D1AAAE062E423F60000E710E /* FirebaseCrashlytics */ = {
			isa = XCSwiftPackageProductDependency;
			package = D1AAAE052E423F60000E710E /* XCRemoteSwiftPackageReference "firebase-ios-sdk" */;
			productName = FirebaseCrashlytics;
		};
		D1AAAE082E423F60000E710E /* FirebaseRemoteConfig */ = {
			isa = XCSwiftPackageProductDependency;
			package = D1AAAE052E423F60000E710E /* XCRemoteSwiftPackageReference "firebase-ios-sdk" */;
			productName = FirebaseRemoteConfig;
		};
		D1F7DFB62F71B5920065D9BD /* FirebaseAnalytics */ = {
			isa = XCSwiftPackageProductDependency;
			package = D1AAAE052E423F60000E710E /* XCRemoteSwiftPackageReference "firebase-ios-sdk" */;
			productName = FirebaseAnalytics;
		};
		D1F7DFB82F71B59F0065D9BD /* FirebaseCrashlytics */ = {
			isa = XCSwiftPackageProductDependency;
			package = D1AAAE052E423F60000E710E /* XCRemoteSwiftPackageReference "firebase-ios-sdk" */;
			productName = FirebaseCrashlytics;
		};
		D1F7DFBA2F71B5A40065D9BD /* FirebaseRemoteConfig */ = {
			isa = XCSwiftPackageProductDependency;
			package = D1AAAE052E423F60000E710E /* XCRemoteSwiftPackageReference "firebase-ios-sdk" */;
			productName = FirebaseRemoteConfig;
		};
		D1FCB8BC2E8459E800F1E556 /* FirebaseAnalytics */ = {
			isa = XCSwiftPackageProductDependency;
			package = D1AAAE052E423F60000E710E /* XCRemoteSwiftPackageReference "firebase-ios-sdk" */;
			productName = FirebaseAnalytics;
		};
/* End XCSwiftPackageProductDependency section */
	};
	rootObject = D135BE9C2DDE3957005B1325 /* Project object */;
}
