// !$*UTF8*$!
{
	archiveVersion = 1;
	classes = {
	};
	objectVersion = 77;
	objects = {

/* Begin PBXBuildFile section */
		D1AAAE072E423F60000E710E /* FirebaseCrashlytics in Frameworks */ = {isa = PBXBuildFile; productRef = D1AAAE062E423F60000E710E /* FirebaseCrashlytics */; };
		D1AAAE092E423F60000E710E /* FirebaseRemoteConfig in Frameworks */ = {isa = PBXBuildFile; productRef = D1AAAE082E423F60000E710E /* FirebaseRemoteConfig */; };
		D1FCB8BD2E8459E800F1E556 /* FirebaseAnalytics in Frameworks */ = {isa = PBXBuildFile; productRef = D1FCB8BC2E8459E800F1E556 /* FirebaseAnalytics */; };
/* End PBXBuildFile section */

/* Begin PBXContainerItemProxy section */
		D135BEB22DDE3958005B1325 /* PBXContainerItemProxy */ = {
			isa = PBXContainerItemProxy;
			containerPortal = D135BE9C2DDE3957005B1325 /* Project object */;
			proxyType = 1;
			remoteGlobalIDString = D135BEA32DDE3957005B1325;
			remoteInfo = OrganEasy;
		};
		D135BEBC2DDE3958005B1325 /* PBXContainerItemProxy */ = {
			isa = PBXContainerItemProxy;
			containerPortal = D135BE9C2DDE3957005B1325 /* Project object */;
			proxyType = 1;
			remoteGlobalIDString = D135BEA32DDE3957005B1325;
			remoteInfo = OrganEasy;
		};
/* End PBXContainerItemProxy section */

/* Begin PBXFileReference section */
		D135BEA42DDE3957005B1325 /* OrganEasy.app */ = {isa = PBXFileReference; explicitFileType = wrapper.application; includeInIndex = 0; path = OrganEasy.app; sourceTree = BUILT_PRODUCTS_DIR; };
		D135BEB12DDE3958005B1325 /* OrganEasyTests.xctest */ = {isa = PBXFileReference; explicitFileType = wrapper.cfbundle; includeInIndex = 0; path = OrganEasyTests.xctest; sourceTree = BUILT_PRODUCTS_DIR; };
		D135BEBB2DDE3958005B1325 /* OrganEasyUITests.xctest */ = {isa = PBXFileReference; explicitFileType = wrapper.cfbundle; includeInIndex = 0; path = OrganEasyUITests.xctest; sourceTree = BUILT_PRODUCTS_DIR; };
/* End PBXFileReference section */

/* Begin PBXFileSystemSynchronizedBuildFileExceptionSet section */
		D1DEF62D2E15A04C00000EC9 /* Exceptions for "OrganEasy" folder in "OrganEasy" target */ = {
			isa = PBXFileSystemSynchronizedBuildFileExceptionSet;
			membershipExceptions = (
				Info.plist,
			);
			target = D135BEA32DDE3957005B1325 /* OrganEasy */;
		};
/* End PBXFileSystemSynchronizedBuildFileExceptionSet section */

/* Begin PBXFileSystemSynchronizedRootGroup section */
		D135BEA62DDE3957005B1325 /* OrganEasy */ = {
			isa = PBXFileSystemSynchronizedRootGroup;
			exceptions = (
				D1DEF62D2E15A04C00000EC9 /* Exceptions for "OrganEasy" folder in "OrganEasy" target */,
			);
			path = OrganEasy;
			sourceTree = "<group>";
		};
		D135BEB42DDE3958005B1325 /* OrganEasyTests */ = {
			isa = PBXFileSystemSynchronizedRootGroup;
			path = OrganEasyTests;
			sourceTree = "<group>";
		};
		D135BEBE2DDE3958005B1325 /* OrganEasyUITests */ = {
			isa = PBXFileSystemSynchronizedRootGroup;
			path = OrganEasyUITests;
			sourceTree = "<group>";
		};
/* End PBXFileSystemSynchronizedRootGroup section */

/* Begin PBXFrameworksBuildPhase section */
		D135BEA12DDE3957005B1325 /* Frameworks */ = {
			isa = PBXFrameworksBuildPhase;
			buildActionMask = 2147483647;
			files = (
				D1AAAE072E423F60000E710E /* FirebaseCrashlytics in Frameworks */,
				D1AAAE092E423F60000E710E /* FirebaseRemoteConfig in Frameworks */,
				D1FCB8BD2E8459E800F1E556 /* FirebaseAnalytics in Frameworks */,
			);
			runOnlyForDeploymentPostprocessing = 0;
		};
		D135BEAE2DDE3958005B1325 /* Frameworks */ = {
			isa = PBXFrameworksBuildPhase;
			buildActionMask = 2147483647;
			files = (
			);
			runOnlyForDeploymentPostprocessing = 0;
		};
		D135BEB82DDE3958005B1325 /* Frameworks */ = {
			isa = PBXFrameworksBuildPhase;
			buildActionMask = 2147483647;
			files = (
			);
			runOnlyForDeploymentPostprocessing = 0;
		};
/* End PBXFrameworksBuildPhase section */

/* Begin PBXGroup section */
		D135BE9B2DDE3957005B1325 = {
			isa = PBXGroup;
			children = (
				D135BEA62DDE3957005B1325 /* OrganEasy */,
				D135BEB42DDE3958005B1325 /* OrganEasyTests */,
				D135BEBE2DDE3958005B1325 /* OrganEasyUITests */,
				D135BEA52DDE3957005B1325 /* Products */,
			);
			sourceTree = "<group>";
		};
		D135BEA52DDE3957005B1325 /* Products */ = {
			isa = PBXGroup;
			children = (
				D135BEA42DDE3957005B1325 /* OrganEasy.app */,
				D135BEB12DDE3958005B1325 /* OrganEasyTests.xctest */,
				D135BEBB2DDE3958005B1325 /* OrganEasyUITests.xctest */,
			);
			name = Products;
			sourceTree = "<group>";
		};
/* End PBXGroup section */

/* Begin PBXNativeTarget section */
		D135BEA32DDE3957005B1325 /* OrganEasy */ = {
			isa = PBXNativeTarget;
			buildConfigurationList = D135BEC52DDE3958005B1325 /* Build configuration list for PBXNativeTarget "OrganEasy" */;
			buildPhases = (
				D135BEA02DDE3957005B1325 /* Sources */,
				D135BEA12DDE3957005B1325 /* Frameworks */,
				D135BEA22DDE3957005B1325 /* Resources */,
			);
			buildRules = (
			);
			dependencies = (
			);
			fileSystemSynchronizedGroups = (
				D135BEA62DDE3957005B1325 /* OrganEasy */,
			);
			name = OrganEasy;
			packageProductDependencies = (
				D1AAAE062E423F60000E710E /* FirebaseCrashlytics */,
				D1AAAE082E423F60000E710E /* FirebaseRemoteConfig */,
				D1FCB8BC2E8459E800F1E556 /* FirebaseAnalytics */,
			);
			productName = OrganEasy;
			productReference = D135BEA42DDE3957005B1325 /* OrganEasy.app */;
			productType = "com.apple.product-type.application";
		};
		D135BEB02DDE3958005B1325 /* OrganEasyTests */ = {
			isa = PBXNativeTarget;
			buildConfigurationList = D135BEC82DDE3958005B1325 /* Build configuration list for PBXNativeTarget "OrganEasyTests" */;
			buildPhases = (
				D135BEAD2DDE3958005B1325 /* Sources */,
				D135BEAE2DDE3958005B1325 /* Frameworks */,
				D135BEAF2DDE3958005B1325 /* Resources */,
			);
			buildRules = (
			);
			dependencies = (
				D135BEB32DDE3958005B1325 /* PBXTargetDependency */,
			);
			fileSystemSynchronizedGroups = (
				D135BEB42DDE3958005B1325 /* OrganEasyTests */,
			);
			name = OrganEasyTests;
			packageProductDependencies = (
			);
			productName = OrganEasyTests;
			productReference = D135BEB12DDE3958005B1325 /* OrganEasyTests.xctest */;
			productType = "com.apple.product-type.bundle.unit-test";
		};
		D135BEBA2DDE3958005B1325 /* OrganEasyUITests */ = {
			isa = PBXNativeTarget;
			buildConfigurationList = D135BECB2DDE3958005B1325 /* Build configuration list for PBXNativeTarget "OrganEasyUITests" */;
			buildPhases = (
				D135BEB72DDE3958005B1325 /* Sources */,
				D135BEB82DDE3958005B1325 /* Frameworks */,
				D135BEB92DDE3958005B1325 /* Resources */,
			);
			buildRules = (
			);
			dependencies = (
				D135BEBD2DDE3958005B1325 /* PBXTargetDependency */,
			);
			fileSystemSynchronizedGroups = (
				D135BEBE2DDE3958005B1325 /* OrganEasyUITests */,
			);
			name = OrganEasyUITests;
			packageProductDependencies = (
			);
			productName = OrganEasyUITests;
			productReference = D135BEBB2DDE3958005B1325 /* OrganEasyUITests.xctest */;
			productType = "com.apple.product-type.bundle.ui-testing";
		};
/* End PBXNativeTarget section */

/* Begin PBXProject section */
		D135BE9C2DDE3957005B1325 /* Project object */ = {
			isa = PBXProject;
			attributes = {
				BuildIndependentTargetsInParallel = 1;
				LastSwiftUpdateCheck = 1630;
				LastUpgradeCheck = 1630;
				TargetAttributes = {
					D135BEA32DDE3957005B1325 = {
						CreatedOnToolsVersion = 16.3;
					};
					D135BEB02DDE3958005B1325 = {
						CreatedOnToolsVersion = 16.3;
						TestTargetID = D135BEA32DDE3957005B1325;
					};
					D135BEBA2DDE3958005B1325 = {
						CreatedOnToolsVersion = 16.3;
						TestTargetID = D135BEA32DDE3957005B1325;
					};
				};
			};
			buildConfigurationList = D135BE9F2DDE3957005B1325 /* Build configuration list for PBXProject "OrganEasy" */;
			developmentRegion = "pt-BR";
			hasScannedForEncodings = 0;
			knownRegions = (
				en,
				Base,
				"pt-BR",
			);
			mainGroup = D135BE9B2DDE3957005B1325;
			minimizedProjectReferenceProxies = 1;
			packageReferences = (
				D1AAAE052E423F60000E710E /* XCRemoteSwiftPackageReference "firebase-ios-sdk" */,
			);
			preferredProjectObjectVersion = 77;
			productRefGroup = D135BEA52DDE3957005B1325 /* Products */;
			projectDirPath = "";
			projectRoot = "";
			targets = (
				D135BEA32DDE3957005B1325 /* OrganEasy */,
				D135BEB02DDE3958005B1325 /* OrganEasyTests */,
				D135BEBA2DDE3958005B1325 /* OrganEasyUITests */,
			);
		};
/* End PBXProject section */

/* Begin PBXResourcesBuildPhase section */
		D135BEA22DDE3957005B1325 /* Resources */ = {
			isa = PBXResourcesBuildPhase;
			buildActionMask = 2147483647;
			files = (
			);
			runOnlyForDeploymentPostprocessing = 0;
		};
		D135BEAF2DDE3958005B1325 /* Resources */ = {
			isa = PBXResourcesBuildPhase;
			buildActionMask = 2147483647;
			files = (
			);
			runOnlyForDeploymentPostprocessing = 0;
		};
		D135BEB92DDE3958005B1325 /* Resources */ = {
			isa = PBXResourcesBuildPhase;
			buildActionMask = 2147483647;
			files = (
			);
			runOnlyForDeploymentPostprocessing = 0;
		};
/* End PBXResourcesBuildPhase section */

/* Begin PBXSourcesBuildPhase section */
		D135BEA02DDE3957005B1325 /* Sources */ = {
			isa = PBXSourcesBuildPhase;
			buildActionMask = 2147483647;
			files = (
			);
			runOnlyForDeploymentPostprocessing = 0;
		};
		D135BEAD2DDE3958005B1325 /* Sources */ = {
			isa = PBXSourcesBuildPhase;
			buildActionMask = 2147483647;
			files = (
			);
			runOnlyForDeploymentPostprocessing = 0;
		};
		D135BEB72DDE3958005B1325 /* Sources */ = {
			isa = PBXSourcesBuildPhase;
			buildActionMask = 2147483647;
			files = (
			);
			runOnlyForDeploymentPostprocessing = 0;
		};
/* End PBXSourcesBuildPhase section */

/* Begin PBXTargetDependency section */
		D135BEB32DDE3958005B1325 /* PBXTargetDependency */ = {
			isa = PBXTargetDependency;
			target = D135BEA32DDE3957005B1325 /* OrganEasy */;
			targetProxy = D135BEB22DDE3958005B1325 /* PBXContainerItemProxy */;
		};
		D135BEBD2DDE3958005B1325 /* PBXTargetDependency */ = {
			isa = PBXTargetDependency;
			target = D135BEA32DDE3957005B1325 /* OrganEasy */;
			targetProxy = D135BEBC2DDE3958005B1325 /* PBXContainerItemProxy */;
		};
/* End PBXTargetDependency section */

/* Begin XCBuildConfiguration section */
		D135BEC32DDE3958005B1325 /* Debug */ = {
			isa = XCBuildConfiguration;
			buildSettings = {
				ALWAYS_SEARCH_USER_PATHS = NO;
				ASSETCATALOG_COMPILER_GENERATE_SWIFT_ASSET_SYMBOL_EXTENSIONS = YES;
				CLANG_ANALYZER_NONNULL = YES;
				CLANG_ANALYZER_NUMBER_OBJECT_CONVERSION = YES_AGGRESSIVE;
				CLANG_CXX_LANGUAGE_STANDARD = "gnu++20";
				CLANG_ENABLE_MODULES = YES;
				CLANG_ENABLE_OBJC_ARC = YES;
				CLANG_ENABLE_OBJC_WEAK = YES;
				CLANG_WARN_BLOCK_CAPTURE_AUTORELEASING = YES;
				CLANG_WARN_BOOL_CONVERSION = YES;
				CLANG_WARN_COMMA = YES;
				CLANG_WARN_CONSTANT_CONVERSION = YES;
				CLANG_WARN_DEPRECATED_OBJC_IMPLEMENTATIONS = YES;
				CLANG_WARN_DIRECT_OBJC_ISA_USAGE = YES_ERROR;
				CLANG_WARN_DOCUMENTATION_COMMENTS = YES;
				CLANG_WARN_EMPTY_BODY = YES;
				CLANG_WARN_ENUM_CONVERSION = YES;
				CLANG_WARN_INFINITE_RECURSION = YES;
				CLANG_WARN_INT_CONVERSION = YES;
				CLANG_WARN_NON_LITERAL_NULL_CONVERSION = YES;
				CLANG_WARN_OBJC_IMPLICIT_RETAIN_SELF = YES;
				CLANG_WARN_OBJC_LITERAL_CONVERSION = YES;
				CLANG_WARN_OBJC_ROOT_CLASS = YES_ERROR;
				CLANG_WARN_QUOTED_INCLUDE_IN_FRAMEWORK_HEADER = YES;
				CLANG_WARN_RANGE_LOOP_ANALYSIS = YES;
				CLANG_WARN_STRICT_PROTOTYPES = YES;
				CLANG_WARN_SUSPICIOUS_MOVE = YES;
				CLANG_WARN_UNGUARDED_AVAILABILITY = YES_AGGRESSIVE;
				CLANG_WARN_UNREACHABLE_CODE = YES;
				CLANG_WARN__DUPLICATE_METHOD_MATCH = YES;
				COPY_PHASE_STRIP = NO;
				DEBUG_INFORMATION_FORMAT = dwarf;
				DEVELOPMENT_TEAM = LCB7D73GH4;
				ENABLE_STRICT_OBJC_MSGSEND = YES;
				ENABLE_TESTABILITY = YES;
				ENABLE_USER_SCRIPT_SANDBOXING = YES;
				GCC_C_LANGUAGE_STANDARD = gnu17;
				GCC_DYNAMIC_NO_PIC = NO;
				GCC_NO_COMMON_BLOCKS = YES;
				GCC_OPTIMIZATION_LEVEL = 0;
				GCC_PREPROCESSOR_DEFINITIONS = (
					"DEBUG=1",
					"$(inherited)",
				);
				GCC_WARN_64_TO_32_BIT_CONVERSION = YES;
				GCC_WARN_ABOUT_RETURN_TYPE = YES_ERROR;
				GCC_WARN_UNDECLARED_SELECTOR = YES;
				GCC_WARN_UNINITIALIZED_AUTOS = YES_AGGRESSIVE;
				GCC_WARN_UNUSED_FUNCTION = YES;
				GCC_WARN_UNUSED_VARIABLE = YES;
				IPHONEOS_DEPLOYMENT_TARGET = 18.4;
				LOCALIZATION_PREFERS_STRING_CATALOGS = YES;
				MTL_ENABLE_DEBUG_INFO = INCLUDE_SOURCE;
				MTL_FAST_MATH = YES;
				ONLY_ACTIVE_ARCH = YES;
				SDKROOT = iphoneos;
				SWIFT_ACTIVE_COMPILATION_CONDITIONS = "DEBUG $(inherited)";
				SWIFT_EMIT_LOC_STRINGS = YES;
				SWIFT_OPTIMIZATION_LEVEL = "-Onone";
			};
			name = Debug;
		};
		D135BEC42DDE3958005B1325 /* Release */ = {
			isa = XCBuildConfiguration;
			buildSettings = {
				ALWAYS_SEARCH_USER_PATHS = NO;
				ASSETCATALOG_COMPILER_GENERATE_SWIFT_ASSET_SYMBOL_EXTENSIONS = YES;
				CLANG_ANALYZER_NONNULL = YES;
				CLANG_ANALYZER_NUMBER_OBJECT_CONVERSION = YES_AGGRESSIVE;
				CLANG_CXX_LANGUAGE_STANDARD = "gnu++20";
				CLANG_ENABLE_MODULES = YES;
				CLANG_ENABLE_OBJC_ARC = YES;
				CLANG_ENABLE_OBJC_WEAK = YES;
				CLANG_WARN_BLOCK_CAPTURE_AUTORELEASING = YES;
				CLANG_WARN_BOOL_CONVERSION = YES;
				CLANG_WARN_COMMA = YES;
				CLANG_WARN_CONSTANT_CONVERSION = YES;
				CLANG_WARN_DEPRECATED_OBJC_IMPLEMENTATIONS = YES;
				CLANG_WARN_DIRECT_OBJC_ISA_USAGE = YES_ERROR;
				CLANG_WARN_DOCUMENTATION_COMMENTS = YES;
				CLANG_WARN_EMPTY_BODY = YES;
				CLANG_WARN_ENUM_CONVERSION = YES;
				CLANG_WARN_INFINITE_RECURSION = YES;
				CLANG_WARN_INT_CONVERSION = YES;
				CLANG_WARN_NON_LITERAL_NULL_CONVERSION = YES;
				CLANG_WARN_OBJC_IMPLICIT_RETAIN_SELF = YES;
				CLANG_WARN_OBJC_LITERAL_CONVERSION = YES;
				CLANG_WARN_OBJC_ROOT_CLASS = YES_ERROR;
				CLANG_WARN_QUOTED_INCLUDE_IN_FRAMEWORK_HEADER = YES;
				CLANG_WARN_RANGE_LOOP_ANALYSIS = YES;
				CLANG_WARN_STRICT_PROTOTYPES = YES;
				CLANG_WARN_SUSPICIOUS_MOVE = YES;
				CLANG_WARN_UNGUARDED_AVAILABILITY = YES_AGGRESSIVE;
				CLANG_WARN_UNREACHABLE_CODE = YES;
				CLANG_WARN__DUPLICATE_METHOD_MATCH = YES;
				COPY_PHASE_STRIP = NO;
				DEBUG_INFORMATION_FORMAT = "dwarf-with-dsym";
				DEVELOPMENT_TEAM = LCB7D73GH4;
				ENABLE_NS_ASSERTIONS = NO;
				ENABLE_STRICT_OBJC_MSGSEND = YES;
				ENABLE_USER_SCRIPT_SANDBOXING = YES;
				GCC_C_LANGUAGE_STANDARD = gnu17;
				GCC_NO_COMMON_BLOCKS = YES;
				GCC_WARN_64_TO_32_BIT_CONVERSION = YES;
				GCC_WARN_ABOUT_RETURN_TYPE = YES_ERROR;
				GCC_WARN_UNDECLARED_SELECTOR = YES;
				GCC_WARN_UNINITIALIZED_AUTOS = YES_AGGRESSIVE;
				GCC_WARN_UNUSED_FUNCTION = YES;
				GCC_WARN_UNUSED_VARIABLE = YES;
				IPHONEOS_DEPLOYMENT_TARGET = 18.4;
				LOCALIZATION_PREFERS_STRING_CATALOGS = YES;
				MTL_ENABLE_DEBUG_INFO = NO;
				MTL_FAST_MATH = YES;
				SDKROOT = iphoneos;
				SWIFT_COMPILATION_MODE = wholemodule;
				SWIFT_EMIT_LOC_STRINGS = YES;
				VALIDATE_PRODUCT = YES;
			};
			name = Release;
		};
		D135BEC62DDE3958005B1325 /* Debug */ = {
			isa = XCBuildConfiguration;
			buildSettings = {
				ASSETCATALOG_COMPILER_APPICON_NAME = "OrganEasy Colors";
				ASSETCATALOG_COMPILER_GLOBAL_ACCENT_COLOR_NAME = AccentColor;
				CODE_SIGN_ENTITLEMENTS = OrganEasy/OrganEasy.entitlements;
				CODE_SIGN_IDENTITY = "Apple Development";
				CODE_SIGN_STYLE = Automatic;
				CURRENT_PROJECT_VERSION = 1;
				DEVELOPMENT_TEAM = R34UAPPFD3;
				ENABLE_PREVIEWS = YES;
				GENERATE_INFOPLIST_FILE = YES;
				INFOPLIST_FILE = OrganEasy/Info.plist;
				INFOPLIST_KEY_CFBundleDisplayName = OrganEasy;
				INFOPLIST_KEY_LSApplicationCategoryType = "public.app-category.utilities";
				INFOPLIST_KEY_UIApplicationSceneManifest_Generation = YES;
				INFOPLIST_KEY_UIApplicationSupportsIndirectInputEvents = YES;
				INFOPLIST_KEY_UILaunchScreen_Generation = YES;
				INFOPLIST_KEY_UILaunchStoryboardName = LaunchScreen;
				INFOPLIST_KEY_UISupportedInterfaceOrientations = "UIInterfaceOrientationLandscapeLeft UIInterfaceOrientationLandscapeRight UIInterfaceOrientationPortrait UIInterfaceOrientationPortraitUpsideDown";
				IPHONEOS_DEPLOYMENT_TARGET = 26.0;
				LD_RUNPATH_SEARCH_PATHS = (
					"$(inherited)",
					"@executable_path/Frameworks",
				);
				MARKETING_VERSION = 1.1.0;
				PRODUCT_BUNDLE_IDENTIFIER = br.com.vanio.walter.app;
				PRODUCT_NAME = "$(TARGET_NAME)";
				PROVISIONING_PROFILE_SPECIFIER = "";
				SWIFT_EMIT_LOC_STRINGS = YES;
				SWIFT_VERSION = 5.0;
				TARGETED_DEVICE_FAMILY = "1,2";
			};
			name = Debug;
		};
		D135BEC72DDE3958005B1325 /* Release */ = {
			isa = XCBuildConfiguration;
			buildSettings = {
				ASSETCATALOG_COMPILER_APPICON_NAME = "OrganEasy Colors";
				ASSETCATALOG_COMPILER_GLOBAL_ACCENT_COLOR_NAME = AccentColor;
				CODE_SIGN_ENTITLEMENTS = OrganEasy/OrganEasy.entitlements;
				CODE_SIGN_IDENTITY = "Apple Development";
				CODE_SIGN_STYLE = Automatic;
				CURRENT_PROJECT_VERSION = 1;
				DEVELOPMENT_TEAM = R34UAPPFD3;
				ENABLE_PREVIEWS = YES;
				GENERATE_INFOPLIST_FILE = YES;
				INFOPLIST_FILE = OrganEasy/Info.plist;
				INFOPLIST_KEY_CFBundleDisplayName = OrganEasy;
				INFOPLIST_KEY_LSApplicationCategoryType = "public.app-category.utilities";
				INFOPLIST_KEY_UIApplicationSceneManifest_Generation = YES;
				INFOPLIST_KEY_UIApplicationSupportsIndirectInputEvents = YES;
				INFOPLIST_KEY_UILaunchScreen_Generation = YES;
				INFOPLIST_KEY_UILaunchStoryboardName = LaunchScreen;
				INFOPLIST_KEY_UISupportedInterfaceOrientations = "UIInterfaceOrientationLandscapeLeft UIInterfaceOrientationLandscapeRight UIInterfaceOrientationPortrait UIInterfaceOrientationPortraitUpsideDown";
				IPHONEOS_DEPLOYMENT_TARGET = 26.0;
				LD_RUNPATH_SEARCH_PATHS = (
					"$(inherited)",
					"@executable_path/Frameworks",
				);
				MARKETING_VERSION = 1.1.0;
				PRODUCT_BUNDLE_IDENTIFIER = br.com.vanio.walter.app;
				PRODUCT_NAME = "$(TARGET_NAME)";
				PROVISIONING_PROFILE_SPECIFIER = "";
				SWIFT_EMIT_LOC_STRINGS = YES;
				SWIFT_VERSION = 5.0;
				TARGETED_DEVICE_FAMILY = "1,2";
			};
			name = Release;
		};
		D135BEC92DDE3958005B1325 /* Debug */ = {
			isa = XCBuildConfiguration;
			buildSettings = {
				BUNDLE_LOADER = "$(TEST_HOST)";
				CODE_SIGN_STYLE = Automatic;
				CURRENT_PROJECT_VERSION = 1;
				DEVELOPMENT_TEAM = LCB7D73GH4;
				GENERATE_INFOPLIST_FILE = YES;
				IPHONEOS_DEPLOYMENT_TARGET = 18.4;
				MARKETING_VERSION = 1.0;
				PRODUCT_BUNDLE_IDENTIFIER = br.com.waltervreis.OrganEasyTests;
				PRODUCT_NAME = "$(TARGET_NAME)";
				SWIFT_EMIT_LOC_STRINGS = NO;
				SWIFT_VERSION = 5.0;
				TARGETED_DEVICE_FAMILY = "1,2";
				TEST_HOST = "$(BUILT_PRODUCTS_DIR)/OrganEasy.app/$(BUNDLE_EXECUTABLE_FOLDER_PATH)/OrganEasy";
			};
			name = Debug;
		};
		D135BECA2DDE3958005B1325 /* Release */ = {
			isa = XCBuildConfiguration;
			buildSettings = {
				BUNDLE_LOADER = "$(TEST_HOST)";
				CODE_SIGN_STYLE = Automatic;
				CURRENT_PROJECT_VERSION = 1;
				DEVELOPMENT_TEAM = LCB7D73GH4;
				GENERATE_INFOPLIST_FILE = YES;
				IPHONEOS_DEPLOYMENT_TARGET = 18.4;
				MARKETING_VERSION = 1.0;
				PRODUCT_BUNDLE_IDENTIFIER = br.com.waltervreis.OrganEasyTests;
				PRODUCT_NAME = "$(TARGET_NAME)";
				SWIFT_EMIT_LOC_STRINGS = NO;
				SWIFT_VERSION = 5.0;
				TARGETED_DEVICE_FAMILY = "1,2";
				TEST_HOST = "$(BUILT_PRODUCTS_DIR)/OrganEasy.app/$(BUNDLE_EXECUTABLE_FOLDER_PATH)/OrganEasy";
			};
			name = Release;
		};
		D135BECC2DDE3958005B1325 /* Debug */ = {
			isa = XCBuildConfiguration;
			buildSettings = {
				CODE_SIGN_STYLE = Automatic;
				CURRENT_PROJECT_VERSION = 1;
				DEVELOPMENT_TEAM = LCB7D73GH4;
				GENERATE_INFOPLIST_FILE = YES;
				MARKETING_VERSION = 1.0;
				PRODUCT_BUNDLE_IDENTIFIER = br.com.waltervreis.OrganEasyUITests;
				PRODUCT_NAME = "$(TARGET_NAME)";
				SWIFT_EMIT_LOC_STRINGS = NO;
				SWIFT_VERSION = 5.0;
				TARGETED_DEVICE_FAMILY = "1,2";
				TEST_TARGET_NAME = OrganEasy;
			};
			name = Debug;
		};
		D135BECD2DDE3958005B1325 /* Release */ = {
			isa = XCBuildConfiguration;
			buildSettings = {
				CODE_SIGN_STYLE = Automatic;
				CURRENT_PROJECT_VERSION = 1;
				DEVELOPMENT_TEAM = LCB7D73GH4;
				GENERATE_INFOPLIST_FILE = YES;
				MARKETING_VERSION = 1.0;
				PRODUCT_BUNDLE_IDENTIFIER = br.com.waltervreis.OrganEasyUITests;
				PRODUCT_NAME = "$(TARGET_NAME)";
				SWIFT_EMIT_LOC_STRINGS = NO;
				SWIFT_VERSION = 5.0;
				TARGETED_DEVICE_FAMILY = "1,2";
				TEST_TARGET_NAME = OrganEasy;
			};
			name = Release;
		};
/* End XCBuildConfiguration section */

/* Begin XCConfigurationList section */
		D135BE9F2DDE3957005B1325 /* Build configuration list for PBXProject "OrganEasy" */ = {
			isa = XCConfigurationList;
			buildConfigurations = (
				D135BEC32DDE3958005B1325 /* Debug */,
				D135BEC42DDE3958005B1325 /* Release */,
			);
			defaultConfigurationIsVisible = 0;
			defaultConfigurationName = Release;
		};
		D135BEC52DDE3958005B1325 /* Build configuration list for PBXNativeTarget "OrganEasy" */ = {
			isa = XCConfigurationList;
			buildConfigurations = (
				D135BEC62DDE3958005B1325 /* Debug */,
				D135BEC72DDE3958005B1325 /* Release */,
			);
			defaultConfigurationIsVisible = 0;
			defaultConfigurationName = Release;
		};
		D135BEC82DDE3958005B1325 /* Build configuration list for PBXNativeTarget "OrganEasyTests" */ = {
			isa = XCConfigurationList;
			buildConfigurations = (
				D135BEC92DDE3958005B1325 /* Debug */,
				D135BECA2DDE3958005B1325 /* Release */,
			);
			defaultConfigurationIsVisible = 0;
			defaultConfigurationName = Release;
		};
		D135BECB2DDE3958005B1325 /* Build configuration list for PBXNativeTarget "OrganEasyUITests" */ = {
			isa = XCConfigurationList;
			buildConfigurations = (
				D135BECC2DDE3958005B1325 /* Debug */,
				D135BECD2DDE3958005B1325 /* Release */,
			);
			defaultConfigurationIsVisible = 0;
			defaultConfigurationName = Release;
		};
/* End XCConfigurationList section */

/* Begin XCRemoteSwiftPackageReference section */
		D1AAAE052E423F60000E710E /* XCRemoteSwiftPackageReference "firebase-ios-sdk" */ = {
			isa = XCRemoteSwiftPackageReference;
			repositoryURL = "https://github.com/firebase/firebase-ios-sdk";
			requirement = {
				kind = upToNextMajorVersion;
				minimumVersion = 12.1.0;
			};
		};
/* End XCRemoteSwiftPackageReference section */

/* Begin XCSwiftPackageProductDependency section */
		D1AAAE062E423F60000E710E /* FirebaseCrashlytics */ = {
			isa = XCSwiftPackageProductDependency;
			package = D1AAAE052E423F60000E710E /* XCRemoteSwiftPackageReference "firebase-ios-sdk" */;
			productName = FirebaseCrashlytics;
		};
		D1AAAE082E423F60000E710E /* FirebaseRemoteConfig */ = {
			isa = XCSwiftPackageProductDependency;
			package = D1AAAE052E423F60000E710E /* XCRemoteSwiftPackageReference "firebase-ios-sdk" */;
			productName = FirebaseRemoteConfig;
		};
		D1FCB8BC2E8459E800F1E556 /* FirebaseAnalytics */ = {
			isa = XCSwiftPackageProductDependency;
			package = D1AAAE052E423F60000E710E /* XCRemoteSwiftPackageReference "firebase-ios-sdk" */;
			productName = FirebaseAnalytics;
		};
/* End XCSwiftPackageProductDependency section */
	};
	rootObject = D135BE9C2DDE3957005B1325 /* Project object */;
}
